
Microsoft Visual Studio Solution File, Format Version 11.00
# Visual Studio 2010
Project("{FAE04EC0-301F-11D3-BF4B-00C04F79EFBC}") = "IAuthorityService", "IAuthorityService\IAuthorityService.csproj", "{4C08540F-6A03-4AE2-B275-CCFE76410FA4}"
EndProject
Project("{FAE04EC0-301F-11D3-BF4B-00C04F79EFBC}") = "AuthorityClient", "AuthorityClient\AuthorityClient.csproj", "{198D91F9-4DCE-43BF-8103-AF499D7A88DA}"
EndProject
Project("{FAE04EC0-301F-11D3-BF4B-00C04F79EFBC}") = "AuthorityDataAccess", "AuthorityDataAccess\AuthorityDataAccess.csproj", "{41AC96C7-8381-4413-B1D7-E0F09F3F72C9}"
EndProject
Project("{FAE04EC0-301F-11D3-BF4B-00C04F79EFBC}") = "AuthorityEntity", "AuthorityEntity\AuthorityEntity.csproj", "{F42AAAF6-7D0D-4B4C-945B-75FE7754B500}"
EndProject
Project("{FAE04EC0-301F-11D3-BF4B-00C04F79EFBC}") = "AuthorityService", "AuthorityService\AuthorityService.csproj", "{640C8EB2-84EF-43C4-A00E-628E6A8C2707}"
EndProject
Project("{FAE04EC0-301F-11D3-BF4B-00C04F79EFBC}") = "FrameSession", "FrameSession\FrameSession.csproj", "{D0593939-2F47-4E43-89BD-22F178E86450}"
EndProject
Project("{FAE04EC0-301F-11D3-BF4B-00C04F79EFBC}") = "WIMServer", "IM\WIMServer\WIMServer.csproj", "{659F2D8E-18B3-4118-87B9-9A821D83114C}"
EndProject
Project("{FAE04EC0-301F-11D3-BF4B-00C04F79EFBC}") = "WIMClient", "IM\WIMClient\WIMClient.csproj", "{F3FAD82A-C35F-42EF-B7CC-4F32EC4480AF}"
EndProject
Project("{FAE04EC0-301F-11D3-BF4B-00C04F79EFBC}") = "SignalR", "IM\ChatWebSite\SignalR.csproj", "{F63B2645-D3FF-4B28-93FC-6060E282AE9E}"
EndProject
Project("{FAE04EC0-301F-11D3-BF4B-00C04F79EFBC}") = "ChatClient", "chat\chat\ChatClient.csproj", "{1231AF1D-3ED1-4389-AC38-CCE698358FC4}"
EndProject
Project("{2150E333-8FDC-42A3-9474-1A3956D46DE8}") = "Core", "Core", "{1EE8DEF5-D886-4746-949B-CB9355AA3D58}"
EndProject
Project("{FAE04EC0-301F-11D3-BF4B-00C04F79EFBC}") = "DPSBase", "Core\DPSBase\DPSBase.csproj", "{9A8E342F-2EB6-44ED-A305-A6E0074540C0}"
EndProject
Project("{FAE04EC0-301F-11D3-BF4B-00C04F79EFBC}") = "NetworkCommsDotNet", "Core\NetworkCommsDotNet\NetworkCommsDotNet.csproj", "{B0FD9F50-A375-44DD-AAAE-CCC2F94A99D1}"
EndProject
Project("{FAE04EC0-301F-11D3-BF4B-00C04F79EFBC}") = "QuickLZCompressor", "Core\QuickLZCompressor\QuickLZCompressor.csproj", "{847B756A-5952-4E07-9CA9-33EDA38F6020}"
EndProject
Project("{FAE04EC0-301F-11D3-BF4B-00C04F79EFBC}") = "SevenZipLZMACompressor", "Core\SevenZipLZMACompressor\SevenZipLZMACompressor.csproj", "{A95D9802-2E43-41C4-AA68-C78AAAFECE10}"
EndProject
Project("{FAE04EC0-301F-11D3-BF4B-00C04F79EFBC}") = "SharpZipLibCompressor", "Core\SharpZipLibCompressor\SharpZipLibCompressor.csproj", "{F27F6581-D3FF-4EF1-8DC6-8DF8E53E4132}"
EndProject
Global
	GlobalSection(SolutionConfigurationPlatforms) = preSolution
		Debug|Any CPU = Debug|Any CPU
		Debug|Mixed Platforms = Debug|Mixed Platforms
		Debug|x86 = Debug|x86
		Release|Any CPU = Release|Any CPU
		Release|Mixed Platforms = Release|Mixed Platforms
		Release|x86 = Release|x86
	EndGlobalSection
	GlobalSection(ProjectConfigurationPlatforms) = postSolution
		{4C08540F-6A03-4AE2-B275-CCFE76410FA4}.Debug|Any CPU.ActiveCfg = Debug|Any CPU
		{4C08540F-6A03-4AE2-B275-CCFE76410FA4}.Debug|Any CPU.Build.0 = Debug|Any CPU
		{4C08540F-6A03-4AE2-B275-CCFE76410FA4}.Debug|Mixed Platforms.ActiveCfg = Debug|Any CPU
		{4C08540F-6A03-4AE2-B275-CCFE76410FA4}.Debug|Mixed Platforms.Build.0 = Debug|Any CPU
		{4C08540F-6A03-4AE2-B275-CCFE76410FA4}.Debug|x86.ActiveCfg = Debug|Any CPU
		{4C08540F-6A03-4AE2-B275-CCFE76410FA4}.Release|Any CPU.ActiveCfg = Release|Any CPU
		{4C08540F-6A03-4AE2-B275-CCFE76410FA4}.Release|Any CPU.Build.0 = Release|Any CPU
		{4C08540F-6A03-4AE2-B275-CCFE76410FA4}.Release|Mixed Platforms.ActiveCfg = Release|Any CPU
		{4C08540F-6A03-4AE2-B275-CCFE76410FA4}.Release|Mixed Platforms.Build.0 = Release|Any CPU
		{4C08540F-6A03-4AE2-B275-CCFE76410FA4}.Release|x86.ActiveCfg = Release|Any CPU
		{198D91F9-4DCE-43BF-8103-AF499D7A88DA}.Debug|Any CPU.ActiveCfg = Debug|Any CPU
		{198D91F9-4DCE-43BF-8103-AF499D7A88DA}.Debug|Any CPU.Build.0 = Debug|Any CPU
		{198D91F9-4DCE-43BF-8103-AF499D7A88DA}.Debug|Mixed Platforms.ActiveCfg = Debug|Any CPU
		{198D91F9-4DCE-43BF-8103-AF499D7A88DA}.Debug|Mixed Platforms.Build.0 = Debug|Any CPU
		{198D91F9-4DCE-43BF-8103-AF499D7A88DA}.Debug|x86.ActiveCfg = Debug|Any CPU
		{198D91F9-4DCE-43BF-8103-AF499D7A88DA}.Release|Any CPU.ActiveCfg = Release|Any CPU
		{198D91F9-4DCE-43BF-8103-AF499D7A88DA}.Release|Any CPU.Build.0 = Release|Any CPU
		{198D91F9-4DCE-43BF-8103-AF499D7A88DA}.Release|Mixed Platforms.ActiveCfg = Release|Any CPU
		{198D91F9-4DCE-43BF-8103-AF499D7A88DA}.Release|Mixed Platforms.Build.0 = Release|Any CPU
		{198D91F9-4DCE-43BF-8103-AF499D7A88DA}.Release|x86.ActiveCfg = Release|Any CPU
		{41AC96C7-8381-4413-B1D7-E0F09F3F72C9}.Debug|Any CPU.ActiveCfg = Debug|Any CPU
		{41AC96C7-8381-4413-B1D7-E0F09F3F72C9}.Debug|Any CPU.Build.0 = Debug|Any CPU
		{41AC96C7-8381-4413-B1D7-E0F09F3F72C9}.Debug|Mixed Platforms.ActiveCfg = Debug|Any CPU
		{41AC96C7-8381-4413-B1D7-E0F09F3F72C9}.Debug|Mixed Platforms.Build.0 = Debug|Any CPU
		{41AC96C7-8381-4413-B1D7-E0F09F3F72C9}.Debug|x86.ActiveCfg = Debug|Any CPU
		{41AC96C7-8381-4413-B1D7-E0F09F3F72C9}.Release|Any CPU.ActiveCfg = Release|Any CPU
		{41AC96C7-8381-4413-B1D7-E0F09F3F72C9}.Release|Any CPU.Build.0 = Release|Any CPU
		{41AC96C7-8381-4413-B1D7-E0F09F3F72C9}.Release|Mixed Platforms.ActiveCfg = Release|Any CPU
		{41AC96C7-8381-4413-B1D7-E0F09F3F72C9}.Release|Mixed Platforms.Build.0 = Release|Any CPU
		{41AC96C7-8381-4413-B1D7-E0F09F3F72C9}.Release|x86.ActiveCfg = Release|Any CPU
		{F42AAAF6-7D0D-4B4C-945B-75FE7754B500}.Debug|Any CPU.ActiveCfg = Debug|Any CPU
		{F42AAAF6-7D0D-4B4C-945B-75FE7754B500}.Debug|Any CPU.Build.0 = Debug|Any CPU
		{F42AAAF6-7D0D-4B4C-945B-75FE7754B500}.Debug|Mixed Platforms.ActiveCfg = Debug|Any CPU
		{F42AAAF6-7D0D-4B4C-945B-75FE7754B500}.Debug|Mixed Platforms.Build.0 = Debug|Any CPU
		{F42AAAF6-7D0D-4B4C-945B-75FE7754B500}.Debug|x86.ActiveCfg = Debug|Any CPU
		{F42AAAF6-7D0D-4B4C-945B-75FE7754B500}.Release|Any CPU.ActiveCfg = Release|Any CPU
		{F42AAAF6-7D0D-4B4C-945B-75FE7754B500}.Release|Any CPU.Build.0 = Release|Any CPU
		{F42AAAF6-7D0D-4B4C-945B-75FE7754B500}.Release|Mixed Platforms.ActiveCfg = Release|Any CPU
		{F42AAAF6-7D0D-4B4C-945B-75FE7754B500}.Release|Mixed Platforms.Build.0 = Release|Any CPU
		{F42AAAF6-7D0D-4B4C-945B-75FE7754B500}.Release|x86.ActiveCfg = Release|Any CPU
		{640C8EB2-84EF-43C4-A00E-628E6A8C2707}.Debug|Any CPU.ActiveCfg = Debug|Any CPU
		{640C8EB2-84EF-43C4-A00E-628E6A8C2707}.Debug|Any CPU.Build.0 = Debug|Any CPU
		{640C8EB2-84EF-43C4-A00E-628E6A8C2707}.Debug|Mixed Platforms.ActiveCfg = Debug|Any CPU
		{640C8EB2-84EF-43C4-A00E-628E6A8C2707}.Debug|Mixed Platforms.Build.0 = Debug|Any CPU
		{640C8EB2-84EF-43C4-A00E-628E6A8C2707}.Debug|x86.ActiveCfg = Debug|Any CPU
		{640C8EB2-84EF-43C4-A00E-628E6A8C2707}.Release|Any CPU.ActiveCfg = Release|Any CPU
		{640C8EB2-84EF-43C4-A00E-628E6A8C2707}.Release|Any CPU.Build.0 = Release|Any CPU
		{640C8EB2-84EF-43C4-A00E-628E6A8C2707}.Release|Mixed Platforms.ActiveCfg = Release|Any CPU
		{640C8EB2-84EF-43C4-A00E-628E6A8C2707}.Release|Mixed Platforms.Build.0 = Release|Any CPU
		{640C8EB2-84EF-43C4-A00E-628E6A8C2707}.Release|x86.ActiveCfg = Release|Any CPU
		{D0593939-2F47-4E43-89BD-22F178E86450}.Debug|Any CPU.ActiveCfg = Debug|Any CPU
		{D0593939-2F47-4E43-89BD-22F178E86450}.Debug|Any CPU.Build.0 = Debug|Any CPU
		{D0593939-2F47-4E43-89BD-22F178E86450}.Debug|Mixed Platforms.ActiveCfg = Debug|Any CPU
		{D0593939-2F47-4E43-89BD-22F178E86450}.Debug|Mixed Platforms.Build.0 = Debug|Any CPU
		{D0593939-2F47-4E43-89BD-22F178E86450}.Debug|x86.ActiveCfg = Debug|Any CPU
		{D0593939-2F47-4E43-89BD-22F178E86450}.Release|Any CPU.ActiveCfg = Release|Any CPU
		{D0593939-2F47-4E43-89BD-22F178E86450}.Release|Any CPU.Build.0 = Release|Any CPU
		{D0593939-2F47-4E43-89BD-22F178E86450}.Release|Mixed Platforms.ActiveCfg = Release|Any CPU
		{D0593939-2F47-4E43-89BD-22F178E86450}.Release|Mixed Platforms.Build.0 = Release|Any CPU
		{D0593939-2F47-4E43-89BD-22F178E86450}.Release|x86.ActiveCfg = Release|Any CPU
		{659F2D8E-18B3-4118-87B9-9A821D83114C}.Debug|Any CPU.ActiveCfg = Debug|x86
		{659F2D8E-18B3-4118-87B9-9A821D83114C}.Debug|Mixed Platforms.ActiveCfg = Debug|x86
		{659F2D8E-18B3-4118-87B9-9A821D83114C}.Debug|Mixed Platforms.Build.0 = Debug|x86
		{659F2D8E-18B3-4118-87B9-9A821D83114C}.Debug|x86.ActiveCfg = Debug|x86
		{659F2D8E-18B3-4118-87B9-9A821D83114C}.Debug|x86.Build.0 = Debug|x86
		{659F2D8E-18B3-4118-87B9-9A821D83114C}.Release|Any CPU.ActiveCfg = Release|x86
		{659F2D8E-18B3-4118-87B9-9A821D83114C}.Release|Mixed Platforms.ActiveCfg = Release|x86
		{659F2D8E-18B3-4118-87B9-9A821D83114C}.Release|Mixed Platforms.Build.0 = Release|x86
		{659F2D8E-18B3-4118-87B9-9A821D83114C}.Release|x86.ActiveCfg = Release|x86
		{659F2D8E-18B3-4118-87B9-9A821D83114C}.Release|x86.Build.0 = Release|x86
		{F3FAD82A-C35F-42EF-B7CC-4F32EC4480AF}.Debug|Any CPU.ActiveCfg = Debug|x86
		{F3FAD82A-C35F-42EF-B7CC-4F32EC4480AF}.Debug|Mixed Platforms.ActiveCfg = Debug|x86
		{F3FAD82A-C35F-42EF-B7CC-4F32EC4480AF}.Debug|Mixed Platforms.Build.0 = Debug|x86
		{F3FAD82A-C35F-42EF-B7CC-4F32EC4480AF}.Debug|x86.ActiveCfg = Debug|x86
		{F3FAD82A-C35F-42EF-B7CC-4F32EC4480AF}.Debug|x86.Build.0 = Debug|x86
		{F3FAD82A-C35F-42EF-B7CC-4F32EC4480AF}.Release|Any CPU.ActiveCfg = Release|x86
		{F3FAD82A-C35F-42EF-B7CC-4F32EC4480AF}.Release|Mixed Platforms.ActiveCfg = Release|x86
		{F3FAD82A-C35F-42EF-B7CC-4F32EC4480AF}.Release|Mixed Platforms.Build.0 = Release|x86
		{F3FAD82A-C35F-42EF-B7CC-4F32EC4480AF}.Release|x86.ActiveCfg = Release|x86
		{F3FAD82A-C35F-42EF-B7CC-4F32EC4480AF}.Release|x86.Build.0 = Release|x86
		{F63B2645-D3FF-4B28-93FC-6060E282AE9E}.Debug|Any CPU.ActiveCfg = Debug|Any CPU
		{F63B2645-D3FF-4B28-93FC-6060E282AE9E}.Debug|Any CPU.Build.0 = Debug|Any CPU
		{F63B2645-D3FF-4B28-93FC-6060E282AE9E}.Debug|Mixed Platforms.ActiveCfg = Debug|Any CPU
		{F63B2645-D3FF-4B28-93FC-6060E282AE9E}.Debug|Mixed Platforms.Build.0 = Debug|Any CPU
		{F63B2645-D3FF-4B28-93FC-6060E282AE9E}.Debug|x86.ActiveCfg = Debug|Any CPU
		{F63B2645-D3FF-4B28-93FC-6060E282AE9E}.Release|Any CPU.ActiveCfg = Release|Any CPU
		{F63B2645-D3FF-4B28-93FC-6060E282AE9E}.Release|Any CPU.Build.0 = Release|Any CPU
		{F63B2645-D3FF-4B28-93FC-6060E282AE9E}.Release|Mixed Platforms.ActiveCfg = Release|Any CPU
		{F63B2645-D3FF-4B28-93FC-6060E282AE9E}.Release|Mixed Platforms.Build.0 = Release|Any CPU
		{F63B2645-D3FF-4B28-93FC-6060E282AE9E}.Release|x86.ActiveCfg = Release|Any CPU
		{1231AF1D-3ED1-4389-AC38-CCE698358FC4}.Debug|Any CPU.ActiveCfg = Debug|x86
		{1231AF1D-3ED1-4389-AC38-CCE698358FC4}.Debug|Mixed Platforms.ActiveCfg = Debug|x86
		{1231AF1D-3ED1-4389-AC38-CCE698358FC4}.Debug|Mixed Platforms.Build.0 = Debug|x86
		{1231AF1D-3ED1-4389-AC38-CCE698358FC4}.Debug|x86.ActiveCfg = Debug|x86
		{1231AF1D-3ED1-4389-AC38-CCE698358FC4}.Debug|x86.Build.0 = Debug|x86
		{1231AF1D-3ED1-4389-AC38-CCE698358FC4}.Release|Any CPU.ActiveCfg = Release|x86
		{1231AF1D-3ED1-4389-AC38-CCE698358FC4}.Release|Mixed Platforms.ActiveCfg = Release|x86
		{1231AF1D-3ED1-4389-AC38-CCE698358FC4}.Release|Mixed Platforms.Build.0 = Release|x86
		{1231AF1D-3ED1-4389-AC38-CCE698358FC4}.Release|x86.ActiveCfg = Release|x86
		{1231AF1D-3ED1-4389-AC38-CCE698358FC4}.Release|x86.Build.0 = Release|x86
		{9A8E342F-2EB6-44ED-A305-A6E0074540C0}.Debug|Any CPU.ActiveCfg = Debug|Any CPU
		{9A8E342F-2EB6-44ED-A305-A6E0074540C0}.Debug|Any CPU.Build.0 = Debug|Any CPU
		{9A8E342F-2EB6-44ED-A305-A6E0074540C0}.Debug|Mixed Platforms.ActiveCfg = Debug|Any CPU
		{9A8E342F-2EB6-44ED-A305-A6E0074540C0}.Debug|Mixed Platforms.Build.0 = Debug|Any CPU
		{9A8E342F-2EB6-44ED-A305-A6E0074540C0}.Debug|x86.ActiveCfg = Debug|Any CPU
		{9A8E342F-2EB6-44ED-A305-A6E0074540C0}.Release|Any CPU.ActiveCfg = Release|Any CPU
		{9A8E342F-2EB6-44ED-A305-A6E0074540C0}.Release|Any CPU.Build.0 = Release|Any CPU
		{9A8E342F-2EB6-44ED-A305-A6E0074540C0}.Release|Mixed Platforms.ActiveCfg = Release|Any CPU
		{9A8E342F-2EB6-44ED-A305-A6E0074540C0}.Release|Mixed Platforms.Build.0 = Release|Any CPU
		{9A8E342F-2EB6-44ED-A305-A6E0074540C0}.Release|x86.ActiveCfg = Release|Any CPU
		{B0FD9F50-A375-44DD-AAAE-CCC2F94A99D1}.Debug|Any CPU.ActiveCfg = Debug|Any CPU
		{B0FD9F50-A375-44DD-AAAE-CCC2F94A99D1}.Debug|Any CPU.Build.0 = Debug|Any CPU
		{B0FD9F50-A375-44DD-AAAE-CCC2F94A99D1}.Debug|Mixed Platforms.ActiveCfg = Debug|Any CPU
		{B0FD9F50-A375-44DD-AAAE-CCC2F94A99D1}.Debug|Mixed Platforms.Build.0 = Debug|Any CPU
		{B0FD9F50-A375-44DD-AAAE-CCC2F94A99D1}.Debug|x86.ActiveCfg = Debug|Any CPU
		{B0FD9F50-A375-44DD-AAAE-CCC2F94A99D1}.Release|Any CPU.ActiveCfg = Release|Any CPU
		{B0FD9F50-A375-44DD-AAAE-CCC2F94A99D1}.Release|Any CPU.Build.0 = Release|Any CPU
		{B0FD9F50-A375-44DD-AAAE-CCC2F94A99D1}.Release|Mixed Platforms.ActiveCfg = Release|Any CPU
		{B0FD9F50-A375-44DD-AAAE-CCC2F94A99D1}.Release|Mixed Platforms.Build.0 = Release|Any CPU
		{B0FD9F50-A375-44DD-AAAE-CCC2F94A99D1}.Release|x86.ActiveCfg = Release|Any CPU
		{847B756A-5952-4E07-9CA9-33EDA38F6020}.Debug|Any CPU.ActiveCfg = Debug|Any CPU
		{847B756A-5952-4E07-9CA9-33EDA38F6020}.Debug|Any CPU.Build.0 = Debug|Any CPU
		{847B756A-5952-4E07-9CA9-33EDA38F6020}.Debug|Mixed Platforms.ActiveCfg = Debug|Any CPU
		{847B756A-5952-4E07-9CA9-33EDA38F6020}.Debug|Mixed Platforms.Build.0 = Debug|Any CPU
		{847B756A-5952-4E07-9CA9-33EDA38F6020}.Debug|x86.ActiveCfg = Debug|Any CPU
		{847B756A-5952-4E07-9CA9-33EDA38F6020}.Release|Any CPU.ActiveCfg = Release|Any CPU
		{847B756A-5952-4E07-9CA9-33EDA38F6020}.Release|Any CPU.Build.0 = Release|Any CPU
		{847B756A-5952-4E07-9CA9-33EDA38F6020}.Release|Mixed Platforms.ActiveCfg = Release|Any CPU
		{847B756A-5952-4E07-9CA9-33EDA38F6020}.Release|Mixed Platforms.Build.0 = Release|Any CPU
		{847B756A-5952-4E07-9CA9-33EDA38F6020}.Release|x86.ActiveCfg = Release|Any CPU
		{A95D9802-2E43-41C4-AA68-C78AAAFECE10}.Debug|Any CPU.ActiveCfg = Debug|Any CPU
		{A95D9802-2E43-41C4-AA68-C78AAAFECE10}.Debug|Any CPU.Build.0 = Debug|Any CPU
		{A95D9802-2E43-41C4-AA68-C78AAAFECE10}.Debug|Mixed Platforms.ActiveCfg = Debug|Any CPU
		{A95D9802-2E43-41C4-AA68-C78AAAFECE10}.Debug|Mixed Platforms.Build.0 = Debug|Any CPU
		{A95D9802-2E43-41C4-AA68-C78AAAFECE10}.Debug|x86.ActiveCfg = Debug|Any CPU
		{A95D9802-2E43-41C4-AA68-C78AAAFECE10}.Release|Any CPU.ActiveCfg = Release|Any CPU
		{A95D9802-2E43-41C4-AA68-C78AAAFECE10}.Release|Any CPU.Build.0 = Release|Any CPU
		{A95D9802-2E43-41C4-AA68-C78AAAFECE10}.Release|Mixed Platforms.ActiveCfg = Release|Any CPU
		{A95D9802-2E43-41C4-AA68-C78AAAFECE10}.Release|Mixed Platforms.Build.0 = Release|Any CPU
		{A95D9802-2E43-41C4-AA68-C78AAAFECE10}.Release|x86.ActiveCfg = Release|Any CPU
		{F27F6581-D3FF-4EF1-8DC6-8DF8E53E4132}.Debug|Any CPU.ActiveCfg = Debug|Any CPU
		{F27F6581-D3FF-4EF1-8DC6-8DF8E53E4132}.Debug|Any CPU.Build.0 = Debug|Any CPU
		{F27F6581-D3FF-4EF1-8DC6-8DF8E53E4132}.Debug|Mixed Platforms.ActiveCfg = Debug|Any CPU
		{F27F6581-D3FF-4EF1-8DC6-8DF8E53E4132}.Debug|Mixed Platforms.Build.0 = Debug|Any CPU
		{F27F6581-D3FF-4EF1-8DC6-8DF8E53E4132}.Debug|x86.ActiveCfg = Debug|Any CPU
		{F27F6581-D3FF-4EF1-8DC6-8DF8E53E4132}.Release|Any CPU.ActiveCfg = Release|Any CPU
		{F27F6581-D3FF-4EF1-8DC6-8DF8E53E4132}.Release|Any CPU.Build.0 = Release|Any CPU
		{F27F6581-D3FF-4EF1-8DC6-8DF8E53E4132}.Release|Mixed Platforms.ActiveCfg = Release|Any CPU
		{F27F6581-D3FF-4EF1-8DC6-8DF8E53E4132}.Release|Mixed Platforms.Build.0 = Release|Any CPU
		{F27F6581-D3FF-4EF1-8DC6-8DF8E53E4132}.Release|x86.ActiveCfg = Release|Any CPU
	EndGlobalSection
	GlobalSection(SolutionProperties) = preSolution
		HideSolutionNode = FALSE
	EndGlobalSection
	GlobalSection(NestedProjects) = preSolution
		{9A8E342F-2EB6-44ED-A305-A6E0074540C0} = {1EE8DEF5-D886-4746-949B-CB9355AA3D58}
		{B0FD9F50-A375-44DD-AAAE-CCC2F94A99D1} = {1EE8DEF5-D886-4746-949B-CB9355AA3D58}
		{847B756A-5952-4E07-9CA9-33EDA38F6020} = {1EE8DEF5-D886-4746-949B-CB9355AA3D58}
		{A95D9802-2E43-41C4-AA68-C78AAAFECE10} = {1EE8DEF5-D886-4746-949B-CB9355AA3D58}
		{F27F6581-D3FF-4EF1-8DC6-8DF8E53E4132} = {1EE8DEF5-D886-4746-949B-CB9355AA3D58}
	EndGlobalSection
EndGlobal
